{
  "name": "edge-auth",
  "version": "1.0.0",
  "lockfileVersion": 1,
  "requires": true,
  "dependencies": {
    "jwt-simple": {
      "version": "0.5.1",
      "resolved": "https://registry.npmjs.org/jwt-simple/-/jwt-simple-0.5.1.tgz",
      "integrity": "sha1-eeoBiRth3mto4T5nwLS1vak3spQ="
    },
    "oauth": {
      "version": "0.9.15",
      "resolved": "https://registry.npmjs.org/oauth/-/oauth-0.9.15.tgz",
      "integrity": "sha1-vR/vr2hslrdUda7VGWQS/2DPucE="
    },
    "passport-google-oauth20": {
      "version": "1.0.0",
      "resolved": "https://registry.npmjs.org/passport-google-oauth20/-/passport-google-oauth20-1.0.0.tgz",
      "integrity": "sha1-O5YOih1w0dvnlGFcgnxoxAOSpdA=",
      "requires": {
        "passport-oauth2": "1.4.0"
      }
    },
    "passport-oauth2": {
      "version": "1.4.0",
      "resolved": "https://registry.npmjs.org/passport-oauth2/-/passport-oauth2-1.4.0.tgz",
      "integrity": "sha1-9i+BWDy+EmCb585vFguTlaJ7hq0=",
      "requires": {
        "oauth": "0.9.15",
        "passport-strategy": "1.0.0",
        "uid2": "0.0.3",
        "utils-merge": "1.0.1"
      }
    },
    "passport-strategy": {
      "version": "1.0.0",
      "resolved": "https://registry.npmjs.org/passport-strategy/-/passport-strategy-1.0.0.tgz",
      "integrity": "sha1-tVOaqPwiWj0a0XlHbd8ja0QPUuQ="
    },
    "uid2": {
      "version": "0.0.3",
      "resolved": "https://registry.npmjs.org/uid2/-/uid2-0.0.3.tgz",
      "integrity": "sha1-SDEm4Rd03y9xuLY53NeZw3YWK4I="
    },
    "utils-merge": {
      "version": "1.0.1",
      "resolved": "https://registry.npmjs.org/utils-merge/-/utils-merge-1.0.1.tgz",
      "integrity": "sha1-n5VxD1CiZ5R7LMwSR0HBAoQn5xM="
    }
  }
}
